
Microsoft Visual Studio Solution File, Format Version 12.00
# Visual Studio 15
VisualStudioVersion = 15.0.28010.2016
MinimumVisualStudioVersion = 10.0.40219.1
Project("{FAE04EC0-301F-11D3-BF4B-00C04F79EFBC}") = "WifCar", "WifCar\WifCar.csproj", "{D6FF463F-3ABC-45A1-A9A9-DB3A2D60A575}"
EndProject
Global
	GlobalSection(SolutionConfigurationPlatforms) = preSolution
		Debug|Any CPU = Debug|Any CPU
		Release|Any CPU = Release|Any CPU
	EndGlobalSection
	GlobalSection(ProjectConfigurationPlatforms) = postSolution
		{D6FF463F-3ABC-45A1-A9A9-DB3A2D60A575}.Debug|Any CPU.ActiveCfg = Debug|Any CPU
		{D6FF463F-3ABC-45A1-A9A9-DB3A2D60A575}.Debug|Any CPU.Build.0 = Debug|Any CPU
		{D6FF463F-3ABC-45A1-A9A9-DB3A2D60A575}.Release|Any CPU.ActiveCfg = Release|Any CPU
		{D6FF463F-3ABC-45A1-A9A9-DB3A2D60A575}.Release|Any CPU.Build.0 = Release|Any CPU
	EndGlobalSection
	GlobalSection(SolutionProperties) = preSolution
		HideSolutionNode = FALSE
	EndGlobalSection
	GlobalSection(ExtensibilityGlobals) = postSolution
		SolutionGuid = {AE50FCF9-E548-4717-B0E0-88D99D4D3CF8}
	EndGlobalSection
EndGlobal
